// !$*UTF8*$!
{
	archiveVersion = 1;
	classes = {
	};
	objectVersion = 46;
	objects = {

/* Begin PBXBuildFile section */
		E21123DF1C34E04F00B97FF0 /* Main.storyboard in Resources */ = {isa = PBXBuildFile; fileRef = E21123C81C34E04F00B97FF0 /* Main.storyboard */; };
		E21123E01C34E04F00B97FF0 /* BFWAppDelegate.m in Sources */ = {isa = PBXBuildFile; fileRef = E21123CB1C34E04F00B97FF0 /* BFWAppDelegate.m */; };
		E21123E11C34E04F00B97FF0 /* InfoPlist.strings in Resources */ = {isa = PBXBuildFile; fileRef = E21123CD1C34E04F00B97FF0 /* InfoPlist.strings */; };
		E21123E21C34E04F00B97FF0 /* Images.xcassets in Resources */ = {isa = PBXBuildFile; fileRef = E21123CF1C34E04F00B97FF0 /* Images.xcassets */; };
		E21123E41C34E04F00B97FF0 /* main.m in Sources */ = {isa = PBXBuildFile; fileRef = E21123D11C34E04F00B97FF0 /* main.m */; };
		E21123E51C34E04F00B97FF0 /* BFWQuery.m in Sources */ = {isa = PBXBuildFile; fileRef = E21123D61C34E04F00B97FF0 /* BFWQuery.m */; };
		E21123E61C34E04F00B97FF0 /* BFWMasterViewController.m in Sources */ = {isa = PBXBuildFile; fileRef = E21123DA1C34E04F00B97FF0 /* BFWMasterViewController.m */; };
		E21123E71C34E04F00B97FF0 /* BFWCountries.m in Sources */ = {isa = PBXBuildFile; fileRef = E21123DD1C34E04F00B97FF0 /* BFWCountries.m */; };
		E21123E81C34E04F00B97FF0 /* Countries.sqlite in Resources */ = {isa = PBXBuildFile; fileRef = E21123DE1C34E04F00B97FF0 /* Countries.sqlite */; };
		E21123EC1C34E5F600B97FF0 /* libsqlite3.tbd in Frameworks */ = {isa = PBXBuildFile; fileRef = E21123EB1C34E5F600B97FF0 /* libsqlite3.tbd */; };
		E29A36F321B60B250069DF78 /* FMDB.framework in Frameworks */ = {isa = PBXBuildFile; fileRef = E29A36EE21B60B080069DF78 /* FMDB.framework */; };
		E29A36F421B60B250069DF78 /* FMDB.framework in Embed Frameworks */ = {isa = PBXBuildFile; fileRef = E29A36EE21B60B080069DF78 /* FMDB.framework */; settings = {ATTRIBUTES = (CodeSignOnCopy, RemoveHeadersOnCopy, ); }; };
		E29C883518E25281001E165E /* InfoPlist.strings in Resources */ = {isa = PBXBuildFile; fileRef = E29C883318E25281001E165E /* InfoPlist.strings */; };
		E29C883718E25281001E165E /* BFWQueryTests.m in Sources */ = {isa = PBXBuildFile; fileRef = E29C883618E25281001E165E /* BFWQueryTests.m */; };
/* End PBXBuildFile section */

/* Begin PBXContainerItemProxy section */
		E29A36E521B60B080069DF78 /* PBXContainerItemProxy */ = {
			isa = PBXContainerItemProxy;
			containerPortal = E29A36DB21B60B080069DF78 /* fmdb.xcodeproj */;
			proxyType = 2;
			remoteGlobalIDString = 8DD76FA10486AA7600D96B5E;
			remoteInfo = fmdb;
		};
		E29A36E721B60B080069DF78 /* PBXContainerItemProxy */ = {
			isa = PBXContainerItemProxy;
			containerPortal = E29A36DB21B60B080069DF78 /* fmdb.xcodeproj */;
			proxyType = 2;
			remoteGlobalIDString = EE4290EF12B42F870088BD94;
			remoteInfo = FMDB;
		};
		E29A36E921B60B080069DF78 /* PBXContainerItemProxy */ = {
			isa = PBXContainerItemProxy;
			containerPortal = E29A36DB21B60B080069DF78 /* fmdb.xcodeproj */;
			proxyType = 2;
			remoteGlobalIDString = BF5D041618416BB2008C5AA9;
			remoteInfo = Tests;
		};
		E29A36EB21B60B080069DF78 /* PBXContainerItemProxy */ = {
			isa = PBXContainerItemProxy;
			containerPortal = E29A36DB21B60B080069DF78 /* fmdb.xcodeproj */;
			proxyType = 2;
			remoteGlobalIDString = 6290CBB5188FE836009790F8;
			remoteInfo = "FMDB-IOS";
		};
		E29A36ED21B60B080069DF78 /* PBXContainerItemProxy */ = {
			isa = PBXContainerItemProxy;
			containerPortal = E29A36DB21B60B080069DF78 /* fmdb.xcodeproj */;
			proxyType = 2;
			remoteGlobalIDString = 83C73EFE1C326AB000FFC730;
			remoteInfo = "FMDB iOS";
		};
		E29A36EF21B60B080069DF78 /* PBXContainerItemProxy */ = {
			isa = PBXContainerItemProxy;
			containerPortal = E29A36DB21B60B080069DF78 /* fmdb.xcodeproj */;
			proxyType = 2;
			remoteGlobalIDString = 83C73F0B1C326ADA00FFC730;
			remoteInfo = "FMDB MacOS";
		};
		E29A36F121B60B080069DF78 /* PBXContainerItemProxy */ = {
			isa = PBXContainerItemProxy;
			containerPortal = E29A36DB21B60B080069DF78 /* fmdb.xcodeproj */;
			proxyType = 2;
			remoteGlobalIDString = 2CD2426D1FCC09CA00479FDE;
			remoteInfo = "FMDB watchOS";
		};
		E29A36F521B60B250069DF78 /* PBXContainerItemProxy */ = {
			isa = PBXContainerItemProxy;
			containerPortal = E29A36DB21B60B080069DF78 /* fmdb.xcodeproj */;
			proxyType = 1;
			remoteGlobalIDString = 83C73EFD1C326AB000FFC730;
			remoteInfo = "FMDB iOS";
		};
		E29C882E18E25281001E165E /* PBXContainerItemProxy */ = {
			isa = PBXContainerItemProxy;
			containerPortal = E29C87FA18E25280001E165E /* Project object */;
			proxyType = 1;
			remoteGlobalIDString = E29C880118E25281001E165E;
			remoteInfo = BFWQuery;
		};
/* End PBXContainerItemProxy section */

/* Begin PBXCopyFilesBuildPhase section */
		E29A36F721B60B260069DF78 /* Embed Frameworks */ = {
			isa = PBXCopyFilesBuildPhase;
			buildActionMask = 2147483647;
			dstPath = "";
			dstSubfolderSpec = 10;
			files = (
				E29A36F421B60B250069DF78 /* FMDB.framework in Embed Frameworks */,
			);
			name = "Embed Frameworks";
			runOnlyForDeploymentPostprocessing = 0;
		};
/* End PBXCopyFilesBuildPhase section */

/* Begin PBXFileReference section */
		E21123C91C34E04F00B97FF0 /* Base */ = {isa = PBXFileReference; lastKnownFileType = file.storyboard; name = Base; path = Base.lproj/Main.storyboard; sourceTree = "<group>"; };
		E21123CA1C34E04F00B97FF0 /* BFWAppDelegate.h */ = {isa = PBXFileReference; fileEncoding = 4; lastKnownFileType = sourcecode.c.h; path = BFWAppDelegate.h; sourceTree = "<group>"; };
		E21123CB1C34E04F00B97FF0 /* BFWAppDelegate.m */ = {isa = PBXFileReference; fileEncoding = 4; lastKnownFileType = sourcecode.c.objc; path = BFWAppDelegate.m; sourceTree = "<group>"; };
		E21123CE1C34E04F00B97FF0 /* en */ = {isa = PBXFileReference; lastKnownFileType = text.plist.strings; name = en; path = en.lproj/InfoPlist.strings; sourceTree = "<group>"; };
		E21123CF1C34E04F00B97FF0 /* Images.xcassets */ = {isa = PBXFileReference; lastKnownFileType = folder.assetcatalog; path = Images.xcassets; sourceTree = "<group>"; };
		E21123D01C34E04F00B97FF0 /* Info.plist */ = {isa = PBXFileReference; fileEncoding = 4; lastKnownFileType = text.plist.xml; path = Info.plist; sourceTree = "<group>"; };
		E21123D11C34E04F00B97FF0 /* main.m */ = {isa = PBXFileReference; fileEncoding = 4; lastKnownFileType = sourcecode.c.objc; path = main.m; sourceTree = "<group>"; };
		E21123D51C34E04F00B97FF0 /* BFWQuery.h */ = {isa = PBXFileReference; fileEncoding = 4; lastKnownFileType = sourcecode.c.h; path = BFWQuery.h; sourceTree = "<group>"; };
		E21123D61C34E04F00B97FF0 /* BFWQuery.m */ = {isa = PBXFileReference; fileEncoding = 4; lastKnownFileType = sourcecode.c.objc; path = BFWQuery.m; sourceTree = "<group>"; };
		E21123D91C34E04F00B97FF0 /* BFWMasterViewController.h */ = {isa = PBXFileReference; fileEncoding = 4; lastKnownFileType = sourcecode.c.h; path = BFWMasterViewController.h; sourceTree = "<group>"; };
		E21123DA1C34E04F00B97FF0 /* BFWMasterViewController.m */ = {isa = PBXFileReference; fileEncoding = 4; lastKnownFileType = sourcecode.c.objc; path = BFWMasterViewController.m; sourceTree = "<group>"; };
		E21123DC1C34E04F00B97FF0 /* BFWCountries.h */ = {isa = PBXFileReference; fileEncoding = 4; lastKnownFileType = sourcecode.c.h; path = BFWCountries.h; sourceTree = "<group>"; };
		E21123DD1C34E04F00B97FF0 /* BFWCountries.m */ = {isa = PBXFileReference; fileEncoding = 4; lastKnownFileType = sourcecode.c.objc; path = BFWCountries.m; sourceTree = "<group>"; };
		E21123DE1C34E04F00B97FF0 /* Countries.sqlite */ = {isa = PBXFileReference; lastKnownFileType = file; path = Countries.sqlite; sourceTree = "<group>"; };
		E21123EB1C34E5F600B97FF0 /* libsqlite3.tbd */ = {isa = PBXFileReference; lastKnownFileType = "sourcecode.text-based-dylib-definition"; name = libsqlite3.tbd; path = usr/lib/libsqlite3.tbd; sourceTree = SDKROOT; };
		E29A36DB21B60B080069DF78 /* fmdb.xcodeproj */ = {isa = PBXFileReference; lastKnownFileType = "wrapper.pb-project"; name = fmdb.xcodeproj; path = fmdb/fmdb.xcodeproj; sourceTree = "<group>"; };
		E29C880218E25281001E165E /* BFWQuery.app */ = {isa = PBXFileReference; explicitFileType = wrapper.application; includeInIndex = 0; path = BFWQuery.app; sourceTree = BUILT_PRODUCTS_DIR; };
		E29C882918E25281001E165E /* BFWQueryTests.xctest */ = {isa = PBXFileReference; explicitFileType = wrapper.cfbundle; includeInIndex = 0; path = BFWQueryTests.xctest; sourceTree = BUILT_PRODUCTS_DIR; };
		E29C883218E25281001E165E /* BFWQueryTests-Info.plist */ = {isa = PBXFileReference; lastKnownFileType = text.plist.xml; path = "BFWQueryTests-Info.plist"; sourceTree = "<group>"; };
		E29C883418E25281001E165E /* en */ = {isa = PBXFileReference; lastKnownFileType = text.plist.strings; name = en; path = en.lproj/InfoPlist.strings; sourceTree = "<group>"; };
		E29C883618E25281001E165E /* BFWQueryTests.m */ = {isa = PBXFileReference; lastKnownFileType = sourcecode.c.objc; path = BFWQueryTests.m; sourceTree = "<group>"; };
/* End PBXFileReference section */

/* Begin PBXFrameworksBuildPhase section */
		E29C87FF18E25281001E165E /* Frameworks */ = {
			isa = PBXFrameworksBuildPhase;
			buildActionMask = 2147483647;
			files = (
				E21123EC1C34E5F600B97FF0 /* libsqlite3.tbd in Frameworks */,
				E29A36F321B60B250069DF78 /* FMDB.framework in Frameworks */,
			);
			runOnlyForDeploymentPostprocessing = 0;
		};
		E29C882618E25281001E165E /* Frameworks */ = {
			isa = PBXFrameworksBuildPhase;
			buildActionMask = 2147483647;
			files = (
			);
			runOnlyForDeploymentPostprocessing = 0;
		};
/* End PBXFrameworksBuildPhase section */

/* Begin PBXGroup section */
		E21123C71C34E04F00B97FF0 /* Launch */ = {
			isa = PBXGroup;
			children = (
				E21123CA1C34E04F00B97FF0 /* BFWAppDelegate.h */,
				E21123CB1C34E04F00B97FF0 /* BFWAppDelegate.m */,
				E21123CF1C34E04F00B97FF0 /* Images.xcassets */,
				E21123D01C34E04F00B97FF0 /* Info.plist */,
				E21123CD1C34E04F00B97FF0 /* InfoPlist.strings */,
				E21123C81C34E04F00B97FF0 /* Main.storyboard */,
				E21123D11C34E04F00B97FF0 /* main.m */,
			);
			name = Launch;
			path = BFWQuery/Launch;
			sourceTree = "<group>";
		};
		E21123D21C34E04F00B97FF0 /* Modules */ = {
			isa = PBXGroup;
			children = (
				E21123D31C34E04F00B97FF0 /* BFWQuery */,
			);
			name = Modules;
			path = BFWQuery/Modules;
			sourceTree = "<group>";
		};
		E21123D31C34E04F00B97FF0 /* BFWQuery */ = {
			isa = PBXGroup;
			children = (
				E21123D41C34E04F00B97FF0 /* Model */,
			);
			path = BFWQuery;
			sourceTree = "<group>";
		};
		E21123D41C34E04F00B97FF0 /* Model */ = {
			isa = PBXGroup;
			children = (
				E21123D51C34E04F00B97FF0 /* BFWQuery.h */,
				E21123D61C34E04F00B97FF0 /* BFWQuery.m */,
			);
			path = Model;
			sourceTree = "<group>";
		};
		E21123D71C34E04F00B97FF0 /* Sample */ = {
			isa = PBXGroup;
			children = (
				E21123D81C34E04F00B97FF0 /* Controller */,
				E21123DB1C34E04F00B97FF0 /* Model */,
			);
			name = Sample;
			path = BFWQuery/Sample;
			sourceTree = "<group>";
		};
		E21123D81C34E04F00B97FF0 /* Controller */ = {
			isa = PBXGroup;
			children = (
				E21123D91C34E04F00B97FF0 /* BFWMasterViewController.h */,
				E21123DA1C34E04F00B97FF0 /* BFWMasterViewController.m */,
			);
			path = Controller;
			sourceTree = "<group>";
		};
		E21123DB1C34E04F00B97FF0 /* Model */ = {
			isa = PBXGroup;
			children = (
				E21123DC1C34E04F00B97FF0 /* BFWCountries.h */,
				E21123DD1C34E04F00B97FF0 /* BFWCountries.m */,
				E21123DE1C34E04F00B97FF0 /* Countries.sqlite */,
			);
			path = Model;
			sourceTree = "<group>";
		};
		E21123ED1C34E60400B97FF0 /* Frameworks */ = {
			isa = PBXGroup;
			children = (
				E21123EB1C34E5F600B97FF0 /* libsqlite3.tbd */,
			);
			name = Frameworks;
			sourceTree = "<group>";
		};
		E21123EE1C34E73300B97FF0 /* Submodules */ = {
			isa = PBXGroup;
			children = (
				E29A36DB21B60B080069DF78 /* fmdb.xcodeproj */,
			);
			path = Submodules;
			sourceTree = "<group>";
		};
		E29A36DC21B60B080069DF78 /* Products */ = {
			isa = PBXGroup;
			children = (
				E29A36E621B60B080069DF78 /* fmdb */,
				E29A36E821B60B080069DF78 /* libFMDB.a */,
				E29A36EA21B60B080069DF78 /* Tests.xctest */,
				E29A36EC21B60B080069DF78 /* libFMDB-IOS.a */,
				E29A36EE21B60B080069DF78 /* FMDB.framework */,
				E29A36F021B60B080069DF78 /* FMDB.framework */,
				E29A36F221B60B080069DF78 /* FMDB.framework */,
			);
			name = Products;
			sourceTree = "<group>";
		};
		E29C87F918E25280001E165E = {
			isa = PBXGroup;
			children = (
				E21123C71C34E04F00B97FF0 /* Launch */,
				E21123D21C34E04F00B97FF0 /* Modules */,
				E21123D71C34E04F00B97FF0 /* Sample */,
				E21123ED1C34E60400B97FF0 /* Frameworks */,
				E21123EE1C34E73300B97FF0 /* Submodules */,
				E29C883018E25281001E165E /* BFWQueryTests */,
				E29C880318E25281001E165E /* Products */,
			);
			sourceTree = "<group>";
		};
		E29C880318E25281001E165E /* Products */ = {
			isa = PBXGroup;
			children = (
				E29C880218E25281001E165E /* BFWQuery.app */,
				E29C882918E25281001E165E /* BFWQueryTests.xctest */,
			);
			name = Products;
			sourceTree = "<group>";
		};
		E29C883018E25281001E165E /* BFWQueryTests */ = {
			isa = PBXGroup;
			children = (
				E29C883618E25281001E165E /* BFWQueryTests.m */,
				E29C883118E25281001E165E /* Supporting Files */,
			);
			path = BFWQueryTests;
			sourceTree = "<group>";
		};
		E29C883118E25281001E165E /* Supporting Files */ = {
			isa = PBXGroup;
			children = (
				E29C883218E25281001E165E /* BFWQueryTests-Info.plist */,
				E29C883318E25281001E165E /* InfoPlist.strings */,
			);
			name = "Supporting Files";
			sourceTree = "<group>";
		};
/* End PBXGroup section */

/* Begin PBXNativeTarget section */
		E29C880118E25281001E165E /* BFWQuery */ = {
			isa = PBXNativeTarget;
			buildConfigurationList = E29C883A18E25281001E165E /* Build configuration list for PBXNativeTarget "BFWQuery" */;
			buildPhases = (
				E29C87FE18E25281001E165E /* Sources */,
				E29C87FF18E25281001E165E /* Frameworks */,
				E29C880018E25281001E165E /* Resources */,
				E29A36F721B60B260069DF78 /* Embed Frameworks */,
			);
			buildRules = (
			);
			dependencies = (
				E29A36F621B60B250069DF78 /* PBXTargetDependency */,
			);
			name = BFWQuery;
			productName = BFWQuery;
			productReference = E29C880218E25281001E165E /* BFWQuery.app */;
			productType = "com.apple.product-type.application";
		};
		E29C882818E25281001E165E /* BFWQueryTests */ = {
			isa = PBXNativeTarget;
			buildConfigurationList = E29C883D18E25281001E165E /* Build configuration list for PBXNativeTarget "BFWQueryTests" */;
			buildPhases = (
				E29C882518E25281001E165E /* Sources */,
				E29C882618E25281001E165E /* Frameworks */,
				E29C882718E25281001E165E /* Resources */,
			);
			buildRules = (
			);
			dependencies = (
				E29C882F18E25281001E165E /* PBXTargetDependency */,
			);
			name = BFWQueryTests;
			productName = BFWQueryTests;
			productReference = E29C882918E25281001E165E /* BFWQueryTests.xctest */;
			productType = "com.apple.product-type.bundle.unit-test";
		};
/* End PBXNativeTarget section */

/* Begin PBXProject section */
		E29C87FA18E25280001E165E /* Project object */ = {
			isa = PBXProject;
			attributes = {
				CLASSPREFIX = BFW;
				LastUpgradeCheck = 1010;
				ORGANIZATIONNAME = BareFeetWare;
				TargetAttributes = {
					E29C880118E25281001E165E = {
						DevelopmentTeam = 2X3652T48P;
					};
					E29C882818E25281001E165E = {
						TestTargetID = E29C880118E25281001E165E;
					};
				};
			};
			buildConfigurationList = E29C87FD18E25280001E165E /* Build configuration list for PBXProject "BFWQuery" */;
			compatibilityVersion = "Xcode 3.2";
			developmentRegion = English;
			hasScannedForEncodings = 0;
			knownRegions = (
				en,
				Base,
			);
			mainGroup = E29C87F918E25280001E165E;
			productRefGroup = E29C880318E25281001E165E /* Products */;
			projectDirPath = "";
			projectReferences = (
				{
					ProductGroup = E29A36DC21B60B080069DF78 /* Products */;
					ProjectRef = E29A36DB21B60B080069DF78 /* fmdb.xcodeproj */;
				},
			);
			projectRoot = "";
			targets = (
				E29C880118E25281001E165E /* BFWQuery */,
				E29C882818E25281001E165E /* BFWQueryTests */,
			);
		};
/* End PBXProject section */

/* Begin PBXReferenceProxy section */
		E29A36E621B60B080069DF78 /* fmdb */ = {
			isa = PBXReferenceProxy;
			fileType = "compiled.mach-o.executable";
			path = fmdb;
			remoteRef = E29A36E521B60B080069DF78 /* PBXContainerItemProxy */;
			sourceTree = BUILT_PRODUCTS_DIR;
		};
		E29A36E821B60B080069DF78 /* libFMDB.a */ = {
			isa = PBXReferenceProxy;
			fileType = archive.ar;
			path = libFMDB.a;
			remoteRef = E29A36E721B60B080069DF78 /* PBXContainerItemProxy */;
			sourceTree = BUILT_PRODUCTS_DIR;
		};
		E29A36EA21B60B080069DF78 /* Tests.xctest */ = {
			isa = PBXReferenceProxy;
			fileType = wrapper.cfbundle;
			path = Tests.xctest;
			remoteRef = E29A36E921B60B080069DF78 /* PBXContainerItemProxy */;
			sourceTree = BUILT_PRODUCTS_DIR;
		};
		E29A36EC21B60B080069DF78 /* libFMDB-IOS.a */ = {
			isa = PBXReferenceProxy;
			fileType = archive.ar;
			path = "libFMDB-IOS.a";
			remoteRef = E29A36EB21B60B080069DF78 /* PBXContainerItemProxy */;
			sourceTree = BUILT_PRODUCTS_DIR;
		};
		E29A36EE21B60B080069DF78 /* FMDB.framework */ = {
			isa = PBXReferenceProxy;
			fileType = wrapper.framework;
			path = FMDB.framework;
			remoteRef = E29A36ED21B60B080069DF78 /* PBXContainerItemProxy */;
			sourceTree = BUILT_PRODUCTS_DIR;
		};
		E29A36F021B60B080069DF78 /* FMDB.framework */ = {
			isa = PBXReferenceProxy;
			fileType = wrapper.framework;
			path = FMDB.framework;
			remoteRef = E29A36EF21B60B080069DF78 /* PBXContainerItemProxy */;
			sourceTree = BUILT_PRODUCTS_DIR;
		};
		E29A36F221B60B080069DF78 /* FMDB.framework */ = {
			isa = PBXReferenceProxy;
			fileType = wrapper.framework;
			path = FMDB.framework;
			remoteRef = E29A36F121B60B080069DF78 /* PBXContainerItemProxy */;
			sourceTree = BUILT_PRODUCTS_DIR;
		};
/* End PBXReferenceProxy section */

/* Begin PBXResourcesBuildPhase section */
		E29C880018E25281001E165E /* Resources */ = {
			isa = PBXResourcesBuildPhase;
			buildActionMask = 2147483647;
			files = (
				E21123E21C34E04F00B97FF0 /* Images.xcassets in Resources */,
				E21123E11C34E04F00B97FF0 /* InfoPlist.strings in Resources */,
				E21123DF1C34E04F00B97FF0 /* Main.storyboard in Resources */,
				E21123E81C34E04F00B97FF0 /* Countries.sqlite in Resources */,
			);
			runOnlyForDeploymentPostprocessing = 0;
		};
		E29C882718E25281001E165E /* Resources */ = {
			isa = PBXResourcesBuildPhase;
			buildActionMask = 2147483647;
			files = (
				E29C883518E25281001E165E /* InfoPlist.strings in Resources */,
			);
			runOnlyForDeploymentPostprocessing = 0;
		};
/* End PBXResourcesBuildPhase section */

/* Begin PBXSourcesBuildPhase section */
		E29C87FE18E25281001E165E /* Sources */ = {
			isa = PBXSourcesBuildPhase;
			buildActionMask = 2147483647;
			files = (
				E21123E01C34E04F00B97FF0 /* BFWAppDelegate.m in Sources */,
				E21123E61C34E04F00B97FF0 /* BFWMasterViewController.m in Sources */,
				E21123E41C34E04F00B97FF0 /* main.m in Sources */,
				E21123E71C34E04F00B97FF0 /* BFWCountries.m in Sources */,
				E21123E51C34E04F00B97FF0 /* BFWQuery.m in Sources */,
			);
			runOnlyForDeploymentPostprocessing = 0;
		};
		E29C882518E25281001E165E /* Sources */ = {
			isa = PBXSourcesBuildPhase;
			buildActionMask = 2147483647;
			files = (
				E29C883718E25281001E165E /* BFWQueryTests.m in Sources */,
			);
			runOnlyForDeploymentPostprocessing = 0;
		};
/* End PBXSourcesBuildPhase section */

/* Begin PBXTargetDependency section */
		E29A36F621B60B250069DF78 /* PBXTargetDependency */ = {
			isa = PBXTargetDependency;
			name = "FMDB iOS";
			targetProxy = E29A36F521B60B250069DF78 /* PBXContainerItemProxy */;
		};
		E29C882F18E25281001E165E /* PBXTargetDependency */ = {
			isa = PBXTargetDependency;
			target = E29C880118E25281001E165E /* BFWQuery */;
			targetProxy = E29C882E18E25281001E165E /* PBXContainerItemProxy */;
		};
/* End PBXTargetDependency section */

/* Begin PBXVariantGroup section */
		E21123C81C34E04F00B97FF0 /* Main.storyboard */ = {
			isa = PBXVariantGroup;
			children = (
				E21123C91C34E04F00B97FF0 /* Base */,
			);
			name = Main.storyboard;
			sourceTree = "<group>";
		};
		E21123CD1C34E04F00B97FF0 /* InfoPlist.strings */ = {
			isa = PBXVariantGroup;
			children = (
				E21123CE1C34E04F00B97FF0 /* en */,
			);
			name = InfoPlist.strings;
			sourceTree = "<group>";
		};
		E29C883318E25281001E165E /* InfoPlist.strings */ = {
			isa = PBXVariantGroup;
			children = (
				E29C883418E25281001E165E /* en */,
			);
			name = InfoPlist.strings;
			sourceTree = "<group>";
		};
/* End PBXVariantGroup section */

/* Begin XCBuildConfiguration section */
		E29C883818E25281001E165E /* Debug */ = {
			isa = XCBuildConfiguration;
			buildSettings = {
				ALWAYS_SEARCH_USER_PATHS = NO;
				CLANG_CXX_LANGUAGE_STANDARD = "gnu++0x";
				CLANG_CXX_LIBRARY = "libc++";
				CLANG_ENABLE_MODULES = YES;
				CLANG_ENABLE_OBJC_ARC = YES;
				CLANG_WARN_BLOCK_CAPTURE_AUTORELEASING = YES;
				CLANG_WARN_BOOL_CONVERSION = YES;
				CLANG_WARN_COMMA = YES;
				CLANG_WARN_CONSTANT_CONVERSION = YES;
				CLANG_WARN_DEPRECATED_OBJC_IMPLEMENTATIONS = YES;
				CLANG_WARN_DIRECT_OBJC_ISA_USAGE = YES_ERROR;
				CLANG_WARN_EMPTY_BODY = YES;
				CLANG_WARN_ENUM_CONVERSION = YES;
				CLANG_WARN_INFINITE_RECURSION = YES;
				CLANG_WARN_INT_CONVERSION = YES;
				CLANG_WARN_NON_LITERAL_NULL_CONVERSION = YES;
				CLANG_WARN_OBJC_IMPLICIT_RETAIN_SELF = YES;
				CLANG_WARN_OBJC_LITERAL_CONVERSION = YES;
				CLANG_WARN_OBJC_ROOT_CLASS = YES_ERROR;
				CLANG_WARN_RANGE_LOOP_ANALYSIS = YES;
				CLANG_WARN_STRICT_PROTOTYPES = YES;
				CLANG_WARN_SUSPICIOUS_MOVE = YES;
				CLANG_WARN_UNREACHABLE_CODE = YES;
				CLANG_WARN__DUPLICATE_METHOD_MATCH = YES;
				"CODE_SIGN_IDENTITY[sdk=iphoneos*]" = "iPhone Developer";
				COPY_PHASE_STRIP = NO;
				ENABLE_STRICT_OBJC_MSGSEND = YES;
				ENABLE_TESTABILITY = YES;
				GCC_C_LANGUAGE_STANDARD = gnu99;
				GCC_DYNAMIC_NO_PIC = NO;
				GCC_NO_COMMON_BLOCKS = YES;
				GCC_OPTIMIZATION_LEVEL = 0;
				GCC_PREPROCESSOR_DEFINITIONS = (
					"DEBUG=1",
					"$(inherited)",
				);
				GCC_SYMBOLS_PRIVATE_EXTERN = NO;
				GCC_WARN_64_TO_32_BIT_CONVERSION = YES;
				GCC_WARN_ABOUT_RETURN_TYPE = YES_ERROR;
				GCC_WARN_UNDECLARED_SELECTOR = YES;
				GCC_WARN_UNINITIALIZED_AUTOS = YES_AGGRESSIVE;
				GCC_WARN_UNUSED_FUNCTION = YES;
				GCC_WARN_UNUSED_VARIABLE = YES;
				IPHONEOS_DEPLOYMENT_TARGET = 8.0;
				ONLY_ACTIVE_ARCH = YES;
				SDKROOT = iphoneos;
				TARGETED_DEVICE_FAMILY = "1,2";
			};
			name = Debug;
		};
		E29C883918E25281001E165E /* Release */ = {
			isa = XCBuildConfiguration;
			buildSettings = {
				ALWAYS_SEARCH_USER_PATHS = NO;
				CLANG_CXX_LANGUAGE_STANDARD = "gnu++0x";
				CLANG_CXX_LIBRARY = "libc++";
				CLANG_ENABLE_MODULES = YES;
				CLANG_ENABLE_OBJC_ARC = YES;
				CLANG_WARN_BLOCK_CAPTURE_AUTORELEASING = YES;
				CLANG_WARN_BOOL_CONVERSION = YES;
				CLANG_WARN_COMMA = YES;
				CLANG_WARN_CONSTANT_CONVERSION = YES;
				CLANG_WARN_DEPRECATED_OBJC_IMPLEMENTATIONS = YES;
				CLANG_WARN_DIRECT_OBJC_ISA_USAGE = YES_ERROR;
				CLANG_WARN_EMPTY_BODY = YES;
				CLANG_WARN_ENUM_CONVERSION = YES;
				CLANG_WARN_INFINITE_RECURSION = YES;
				CLANG_WARN_INT_CONVERSION = YES;
				CLANG_WARN_NON_LITERAL_NULL_CONVERSION = YES;
				CLANG_WARN_OBJC_IMPLICIT_RETAIN_SELF = YES;
				CLANG_WARN_OBJC_LITERAL_CONVERSION = YES;
				CLANG_WARN_OBJC_ROOT_CLASS = YES_ERROR;
				CLANG_WARN_RANGE_LOOP_ANALYSIS = YES;
				CLANG_WARN_STRICT_PROTOTYPES = YES;
				CLANG_WARN_SUSPICIOUS_MOVE = YES;
				CLANG_WARN_UNREACHABLE_CODE = YES;
				CLANG_WARN__DUPLICATE_METHOD_MATCH = YES;
				"CODE_SIGN_IDENTITY[sdk=iphoneos*]" = "iPhone Developer";
				COPY_PHASE_STRIP = YES;
				ENABLE_NS_ASSERTIONS = NO;
				ENABLE_STRICT_OBJC_MSGSEND = YES;
				GCC_C_LANGUAGE_STANDARD = gnu99;
				GCC_NO_COMMON_BLOCKS = YES;
				GCC_WARN_64_TO_32_BIT_CONVERSION = YES;
				GCC_WARN_ABOUT_RETURN_TYPE = YES_ERROR;
				GCC_WARN_UNDECLARED_SELECTOR = YES;
				GCC_WARN_UNINITIALIZED_AUTOS = YES_AGGRESSIVE;
				GCC_WARN_UNUSED_FUNCTION = YES;
				GCC_WARN_UNUSED_VARIABLE = YES;
				IPHONEOS_DEPLOYMENT_TARGET = 8.0;
				SDKROOT = iphoneos;
				TARGETED_DEVICE_FAMILY = "1,2";
				VALIDATE_PRODUCT = YES;
			};
			name = Release;
		};
		E29C883B18E25281001E165E /* Debug */ = {
			isa = XCBuildConfiguration;
			buildSettings = {
				ASSETCATALOG_COMPILER_APPICON_NAME = AppIcon;
				CODE_SIGN_IDENTITY = "iPhone Developer";
				HEADER_SEARCH_PATHS = (
					"$(inherited)",
					"$(SRCROOT)/Submodules/fmdb/src",
				);
				INFOPLIST_FILE = BFWQuery/Launch/Info.plist;
				LD_RUNPATH_SEARCH_PATHS = "$(inherited) @executable_path/Frameworks";
				PRODUCT_BUNDLE_IDENTIFIER = "com.barefeetware.${PRODUCT_NAME:rfc1034identifier}";
				PRODUCT_NAME = "$(TARGET_NAME)";
				TARGETED_DEVICE_FAMILY = 1;
				WRAPPER_EXTENSION = app;
			};
			name = Debug;
		};
		E29C883C18E25281001E165E /* Release */ = {
			isa = XCBuildConfiguration;
			buildSettings = {
				ASSETCATALOG_COMPILER_APPICON_NAME = AppIcon;
				CODE_SIGN_IDENTITY = "iPhone Developer";
				HEADER_SEARCH_PATHS = (
					"$(inherited)",
					"$(SRCROOT)/Submodules/fmdb/src",
				);
				INFOPLIST_FILE = BFWQuery/Launch/Info.plist;
				LD_RUNPATH_SEARCH_PATHS = "$(inherited) @executable_path/Frameworks";
				PRODUCT_BUNDLE_IDENTIFIER = "com.barefeetware.${PRODUCT_NAME:rfc1034identifier}";
				PRODUCT_NAME = "$(TARGET_NAME)";
				TARGETED_DEVICE_FAMILY = 1;
				WRAPPER_EXTENSION = app;
			};
			name = Release;
		};
		E29C883E18E25281001E165E /* Debug */ = {
			isa = XCBuildConfiguration;
			buildSettings = {
				BUNDLE_LOADER = "$(BUILT_PRODUCTS_DIR)/BFWQuery.app/BFWQuery";
				FRAMEWORK_SEARCH_PATHS = (
					"$(inherited)",
					"$(SDKROOT)/Developer/Library/Frameworks",
					"$(DEVELOPER_FRAMEWORKS_DIR)",
				);
				HEADER_SEARCH_PATHS = (
					"$(inherited)",
					"$(SRCROOT)/Submodules/fmdb/src",
				);
				INFOPLIST_FILE = "BFWQueryTests/BFWQueryTests-Info.plist";
				PRODUCT_BUNDLE_IDENTIFIER = "com.barefeetware.${PRODUCT_NAME:rfc1034identifier}";
				PRODUCT_NAME = "$(TARGET_NAME)";
				TEST_HOST = "$(BUNDLE_LOADER)";
				WRAPPER_EXTENSION = xctest;
			};
			name = Debug;
		};
		E29C883F18E25281001E165E /* Release */ = {
			isa = XCBuildConfiguration;
			buildSettings = {
				BUNDLE_LOADER = "$(BUILT_PRODUCTS_DIR)/BFWQuery.app/BFWQuery";
				FRAMEWORK_SEARCH_PATHS = (
					"$(inherited)",
					"$(SDKROOT)/Developer/Library/Frameworks",
					"$(DEVELOPER_FRAMEWORKS_DIR)",
				);
				HEADER_SEARCH_PATHS = (
					"$(inherited)",
					"$(SRCROOT)/Submodules/fmdb/src",
				);
				INFOPLIST_FILE = "BFWQueryTests/BFWQueryTests-Info.plist";
				PRODUCT_BUNDLE_IDENTIFIER = "com.barefeetware.${PRODUCT_NAME:rfc1034identifier}";
				PRODUCT_NAME = "$(TARGET_NAME)";
				TEST_HOST = "$(BUNDLE_LOADER)";
				WRAPPER_EXTENSION = xctest;
			};
			name = Release;
		};
/* End XCBuildConfiguration section */

/* Begin XCConfigurationList section */
		E29C87FD18E25280001E165E /* Build configuration list for PBXProject "BFWQuery" */ = {
			isa = XCConfigurationList;
			buildConfigurations = (
				E29C883818E25281001E165E /* Debug */,
				E29C883918E25281001E165E /* Release */,
			);
			defaultConfigurationIsVisible = 0;
			defaultConfigurationName = Release;
		};
		E29C883A18E25281001E165E /* Build configuration list for PBXNativeTarget "BFWQuery" */ = {
			isa = XCConfigurationList;
			buildConfigurations = (
				E29C883B18E25281001E165E /* Debug */,
				E29C883C18E25281001E165E /* Release */,
			);
			defaultConfigurationIsVisible = 0;
			defaultConfigurationName = Release;
		};
		E29C883D18E25281001E165E /* Build configuration list for PBXNativeTarget "BFWQueryTests" */ = {
			isa = XCConfigurationList;
			buildConfigurations = (
				E29C883E18E25281001E165E /* Debug */,
				E29C883F18E25281001E165E /* Release */,
			);
			defaultConfigurationIsVisible = 0;
			defaultConfigurationName = Release;
		};
/* End XCConfigurationList section */
	};
	rootObject = E29C87FA18E25280001E165E /* Project object */;
}
